// !$*UTF8*$!
{
	archiveVersion = 1;
	classes = {
	};
	objectVersion = 46;
	objects = {

/* Begin PBXBuildFile section */
		A970EA501EF0254100D5388B /* AppDelegate.swift in Sources */ = {isa = PBXBuildFile; fileRef = A970EA4F1EF0254100D5388B /* AppDelegate.swift */; };
		A970EA521EF0254100D5388B /* ViewController.swift in Sources */ = {isa = PBXBuildFile; fileRef = A970EA511EF0254100D5388B /* ViewController.swift */; };
		A970EA551EF0254100D5388B /* Main.storyboard in Resources */ = {isa = PBXBuildFile; fileRef = A970EA531EF0254100D5388B /* Main.storyboard */; };
		A970EA571EF0254100D5388B /* Assets.xcassets in Resources */ = {isa = PBXBuildFile; fileRef = A970EA561EF0254100D5388B /* Assets.xcassets */; };
		A970EA5A1EF0254100D5388B /* LaunchScreen.storyboard in Resources */ = {isa = PBXBuildFile; fileRef = A970EA581EF0254100D5388B /* LaunchScreen.storyboard */; };
/* End PBXBuildFile section */

/* Begin PBXFileReference section */
		A970EA4C1EF0254100D5388B /* DynamicCellHeightTableView.app */ = {isa = PBXFileReference; explicitFileType = wrapper.application; includeInIndex = 0; path = DynamicCellHeightTableView.app; sourceTree = BUILT_PRODUCTS_DIR; };
		A970EA4F1EF0254100D5388B /* AppDelegate.swift */ = {isa = PBXFileReference; lastKnownFileType = sourcecode.swift; path = AppDelegate.swift; sourceTree = "<group>"; };
		A970EA511EF0254100D5388B /* ViewController.swift */ = {isa = PBXFileReference; lastKnownFileType = sourcecode.swift; path = ViewController.swift; sourceTree = "<group>"; };
		A970EA541EF0254100D5388B /* Base */ = {isa = PBXFileReference; lastKnownFileType = file.storyboard; name = Base; path = Base.lproj/Main.storyboard; sourceTree = "<group>"; };
		A970EA561EF0254100D5388B /* Assets.xcassets */ = {isa = PBXFileReference; lastKnownFileType = folder.assetcatalog; path = Assets.xcassets; sourceTree = "<group>"; };
		A970EA591EF0254100D5388B /* Base */ = {isa = PBXFileReference; lastKnownFileType = file.storyboard; name = Base; path = Base.lproj/LaunchScreen.storyboard; sourceTree = "<group>"; };
		A970EA5B1EF0254100D5388B /* Info.plist */ = {isa = PBXFileReference; lastKnownFileType = text.plist.xml; path = Info.plist; sourceTree = "<group>"; };
/* End PBXFileReference section */

/* Begin PBXFrameworksBuildPhase section */
		A970EA491EF0254100D5388B /* Frameworks */ = {
			isa = PBXFrameworksBuildPhase;
			buildActionMask = 2147483647;
			files = (
			);
			runOnlyForDeploymentPostprocessing = 0;
		};
/* End PBXFrameworksBuildPhase section */

/* Begin PBXGroup section */
		A970EA431EF0254100D5388B = {
			isa = PBXGroup;
			children = (
				A970EA4E1EF0254100D5388B /* DynamicCellHeightTableView */,
				A970EA4D1EF0254100D5388B /* Products */,
			);
			sourceTree = "<group>";
		};
		A970EA4D1EF0254100D5388B /* Products */ = {
			isa = PBXGroup;
			children = (
				A970EA4C1EF0254100D5388B /* DynamicCellHeightTableView.app */,
			);
			name = Products;
			sourceTree = "<group>";
		};
		A970EA4E1EF0254100D5388B /* DynamicCellHeightTableView */ = {
			isa = PBXGroup;
			children = (
				A970EA4F1EF0254100D5388B /* AppDelegate.swift */,
				A970EA511EF0254100D5388B /* ViewController.swift */,
				A970EA531EF0254100D5388B /* Main.storyboard */,
				A970EA561EF0254100D5388B /* Assets.xcassets */,
				A970EA581EF0254100D5388B /* LaunchScreen.storyboard */,
				A970EA5B1EF0254100D5388B /* Info.plist */,
			);
			path = DynamicCellHeightTableView;
			sourceTree = "<group>";
		};
/* End PBXGroup section */

/* Begin PBXNativeTarget section */
		A970EA4B1EF0254100D5388B /* DynamicCellHeightTableView */ = {
			isa = PBXNativeTarget;
			buildConfigurationList = A970EA5E1EF0254100D5388B /* Build configuration list for PBXNativeTarget "DynamicCellHeightTableView" */;
			buildPhases = (
				A970EA481EF0254100D5388B /* Sources */,
				A970EA491EF0254100D5388B /* Frameworks */,
				A970EA4A1EF0254100D5388B /* Resources */,
			);
			buildRules = (
			);
			dependencies = (
			);
			name = DynamicCellHeightTableView;
			productName = DynamicCellHeightTableView;
			productReference = A970EA4C1EF0254100D5388B /* DynamicCellHeightTableView.app */;
			productType = "com.apple.product-type.application";
		};
/* End PBXNativeTarget section */

/* Begin PBXProject section */
		A970EA441EF0254100D5388B /* Project object */ = {
			isa = PBXProject;
			attributes = {
				LastSwiftUpdateCheck = 0830;
				LastUpgradeCheck = 0830;
				ORGANIZATIONNAME = "Yuki Sumida";
				TargetAttributes = {
					A970EA4B1EF0254100D5388B = {
						CreatedOnToolsVersion = 8.3.2;
						ProvisioningStyle = Automatic;
					};
				};
			};
			buildConfigurationList = A970EA471EF0254100D5388B /* Build configuration list for PBXProject "DynamicCellHeightTableView" */;
			compatibilityVersion = "Xcode 3.2";
			developmentRegion = English;
			hasScannedForEncodings = 0;
			knownRegions = (
				en,
				Base,
			);
			mainGroup = A970EA431EF0254100D5388B;
			productRefGroup = A970EA4D1EF0254100D5388B /* Products */;
			projectDirPath = "";
			projectRoot = "";
			targets = (
				A970EA4B1EF0254100D5388B /* DynamicCellHeightTableView */,
			);
		};
/* End PBXProject section */

/* Begin PBXResourcesBuildPhase section */
		A970EA4A1EF0254100D5388B /* Resources */ = {
			isa = PBXResourcesBuildPhase;
			buildActionMask = 2147483647;
			files = (
				A970EA5A1EF0254100D5388B /* LaunchScreen.storyboard in Resources */,
				A970EA571EF0254100D5388B /* Assets.xcassets in Resources */,
				A970EA551EF0254100D5388B /* Main.storyboard in Resources */,
			);
			runOnlyForDeploymentPostprocessing = 0;
		};
/* End PBXResourcesBuildPhase section */

/* Begin PBXSourcesBuildPhase section */
		A970EA481EF0254100D5388B /* Sources */ = {
			isa = PBXSourcesBuildPhase;
			buildActionMask = 2147483647;
			files = (
				A970EA521EF0254100D5388B /* ViewController.swift in Sources */,
				A970EA501EF0254100D5388B /* AppDelegate.swift in Sources */,
			);
			runOnlyForDeploymentPostprocessing = 0;
		};
/* End PBXSourcesBuildPhase section */

/* Begin PBXVariantGroup section */
		A970EA531EF0254100D5388B /* Main.storyboard */ = {
			isa = PBXVariantGroup;
			children = (
				A970EA541EF0254100D5388B /* Base */,
			);
			name = Main.storyboard;
			sourceTree = "<group>";
		};
		A970EA581EF0254100D5388B /* LaunchScreen.storyboard */ = {
			isa = PBXVariantGroup;
			children = (
				A970EA591EF0254100D5388B /* Base */,
			);
			name = LaunchScreen.storyboard;
			sourceTree = "<group>";
		};
/* End PBXVariantGroup section */

/* Begin XCBuildConfiguration section */
		A970EA5C1EF0254100D5388B /* Debug */ = {
			isa = XCBuildConfiguration;
			buildSettings = {
				ALWAYS_SEARCH_USER_PATHS = NO;
				CLANG_ANALYZER_NONNULL = YES;
				CLANG_ANALYZER_NUMBER_OBJECT_CONVERSION = YES_AGGRESSIVE;
				CLANG_CXX_LANGUAGE_STANDARD = "gnu++0x";
				CLANG_CXX_LIBRARY = "libc++";
				CLANG_ENABLE_MODULES = YES;
				CLANG_ENABLE_OBJC_ARC = YES;
				CLANG_WARN_BOOL_CONVERSION = YES;
				CLANG_WARN_CONSTANT_CONVERSION = YES;
				CLANG_WARN_DIRECT_OBJC_ISA_USAGE = YES_ERROR;
				CLANG_WARN_DOCUMENTATION_COMMENTS = YES;
				CLANG_WARN_EMPTY_BODY = YES;
				CLANG_WARN_ENUM_CONVERSION = YES;
				CLANG_WARN_INFINITE_RECURSION = YES;
				CLANG_WARN_INT_CONVERSION = YES;
				CLANG_WARN_OBJC_ROOT_CLASS = YES_ERROR;
				CLANG_WARN_SUSPICIOUS_MOVE = YES;
				CLANG_WARN_UNREACHABLE_CODE = YES;
				CLANG_WARN__DUPLICATE_METHOD_MATCH = YES;
				"CODE_SIGN_IDENTITY[sdk=iphoneos*]" = "iPhone Developer";
				COPY_PHASE_STRIP = NO;
				DEBUG_INFORMATION_FORMAT = dwarf;
				ENABLE_STRICT_OBJC_MSGSEND = YES;
				ENABLE_TESTABILITY = YES;
				GCC_C_LANGUAGE_STANDARD = gnu99;
				GCC_DYNAMIC_NO_PIC = NO;
				GCC_NO_COMMON_BLOCKS = YES;
				GCC_OPTIMIZATION_LEVEL = 0;
				GCC_PREPROCESSOR_DEFINITIONS = (
					"DEBUG=1",
					"$(inherited)",
				);
				GCC_WARN_64_TO_32_BIT_CONVERSION = YES;
				GCC_WARN_ABOUT_RETURN_TYPE = YES_ERROR;
				GCC_WARN_UNDECLARED_SELECTOR = YES;
				GCC_WARN_UNINITIALIZED_AUTOS = YES_AGGRESSIVE;
				GCC_WARN_UNUSED_FUNCTION = YES;
				GCC_WARN_UNUSED_VARIABLE = YES;
				IPHONEOS_DEPLOYMENT_TARGET = 10.3;
				MTL_ENABLE_DEBUG_INFO = YES;
				ONLY_ACTIVE_ARCH = YES;
				SDKROOT = iphoneos;
				SWIFT_ACTIVE_COMPILATION_CONDITIONS = DEBUG;
				SWIFT_OPTIMIZATION_LEVEL = "-Onone";
			};
			name = Debug;
		};
		A970EA5D1EF0254100D5388B /* Release */ = {
			isa = XCBuildConfiguration;
			buildSettings = {
				ALWAYS_SEARCH_USER_PATHS = NO;
				CLANG_ANALYZER_NONNULL = YES;
				CLANG_ANALYZER_NUMBER_OBJECT_CONVERSION = YES_AGGRESSIVE;
				CLANG_CXX_LANGUAGE_STANDARD = "gnu++0x";
				CLANG_CXX_LIBRARY = "libc++";
				CLANG_ENABLE_MODULES = YES;
				CLANG_ENABLE_OBJC_ARC = YES;
				CLANG_WARN_BOOL_CONVERSION = YES;
				CLANG_WARN_CONSTANT_CONVERSION = YES;
				CLANG_WARN_DIRECT_OBJC_ISA_USAGE = YES_ERROR;
				CLANG_WARN_DOCUMENTATION_COMMENTS = YES;
				CLANG_WARN_EMPTY_BODY = YES;
				CLANG_WARN_ENUM_CONVERSION = YES;
				CLANG_WARN_INFINITE_RECURSION = YES;
				CLANG_WARN_INT_CONVERSION = YES;
				CLANG_WARN_OBJC_ROOT_CLASS = YES_ERROR;
				CLANG_WARN_SUSPICIOUS_MOVE = YES;
				CLANG_WARN_UNREACHABLE_CODE = YES;
				CLANG_WARN__DUPLICATE_METHOD_MATCH = YES;
				"CODE_SIGN_IDENTITY[sdk=iphoneos*]" = "iPhone Developer";
				COPY_PHASE_STRIP = NO;
				DEBUG_INFORMATION_FORMAT = "dwarf-with-dsym";
				ENABLE_NS_ASSERTIONS = NO;
				ENABLE_STRICT_OBJC_MSGSEND = YES;
				GCC_C_LANGUAGE_STANDARD = gnu99;
				GCC_NO_COMMON_BLOCKS = YES;
				GCC_WARN_64_TO_32_BIT_CONVERSION = YES;
				GCC_WARN_ABOUT_RETURN_TYPE = YES_ERROR;
				GCC_WARN_UNDECLARED_SELECTOR = YES;
				GCC_WARN_UNINITIALIZED_AUTOS = YES_AGGRESSIVE;
				GCC_WARN_UNUSED_FUNCTION = YES;
				GCC_WARN_UNUSED_VARIABLE = YES;
				IPHONEOS_DEPLOYMENT_TARGET = 10.3;
				MTL_ENABLE_DEBUG_INFO = NO;
				SDKROOT = iphoneos;
				SWIFT_OPTIMIZATION_LEVEL = "-Owholemodule";
				VALIDATE_PRODUCT = YES;
			};
			name = Release;
		};
		A970EA5F1EF0254100D5388B /* Debug */ = {
			isa = XCBuildConfiguration;
			buildSettings = {
				ASSETCATALOG_COMPILER_APPICON_NAME = AppIcon;
				INFOPLIST_FILE = DynamicCellHeightTableView/Info.plist;
				LD_RUNPATH_SEARCH_PATHS = "$(inherited) @executable_path/Frameworks";
				PRODUCT_BUNDLE_IDENTIFIER = sample.DynamicCellHeightTableView;
				PRODUCT_NAME = "$(TARGET_NAME)";
				SWIFT_VERSION = 3.0;
			};
			name = Debug;
		};
		A970EA601EF0254100D5388B /* Release */ = {
			isa = XCBuildConfiguration;
			buildSettings = {
				ASSETCATALOG_COMPILER_APPICON_NAME = AppIcon;
				INFOPLIST_FILE = DynamicCellHeightTableView/Info.plist;
				LD_RUNPATH_SEARCH_PATHS = "$(inherited) @executable_path/Frameworks";
				PRODUCT_BUNDLE_IDENTIFIER = sample.DynamicCellHeightTableView;
				PRODUCT_NAME = "$(TARGET_NAME)";
				SWIFT_VERSION = 3.0;
			};
			name = Release;
		};
/* End XCBuildConfiguration section */

/* Begin XCConfigurationList section */
		A970EA471EF0254100D5388B /* Build configuration list for PBXProject "DynamicCellHeightTableView" */ = {
			isa = XCConfigurationList;
			buildConfigurations = (
				A970EA5C1EF0254100D5388B /* Debug */,
				A970EA5D1EF0254100D5388B /* Release */,
			);
			defaultConfigurationIsVisible = 0;
			defaultConfigurationName = Release;
		};
		A970EA5E1EF0254100D5388B /* Build configuration list for PBXNativeTarget "DynamicCellHeightTableView" */ = {
			isa = XCConfigurationList;
			buildConfigurations = (
				A970EA5F1EF0254100D5388B /* Debug */,
				A970EA601EF0254100D5388B /* Release */,
			);
			defaultConfigurationIsVisible = 0;
		};
/* End XCConfigurationList section */
	};
	rootObject = A970EA441EF0254100D5388B /* Project object */;
}
